// !$*UTF8*$!
{
	archiveVersion = 1;
	classes = {
	};
	objectVersion = 55;
	objects = {

/* Begin PBXBuildFile section */
		842D87022909126F007D5543 /* RickyMortyModel.swift in Sources */ = {isa = PBXBuildFile; fileRef = 842D87012909126F007D5543 /* RickyMortyModel.swift */; };
		842D870429091788007D5543 /* RickyMortyService.swift in Sources */ = {isa = PBXBuildFile; fileRef = 842D870329091788007D5543 /* RickyMortyService.swift */; };
		842D870729091AFB007D5543 /* Alamofire in Frameworks */ = {isa = PBXBuildFile; productRef = 842D870629091AFB007D5543 /* Alamofire */; };
		842D870A29091B3B007D5543 /* AlamofireImage in Frameworks */ = {isa = PBXBuildFile; productRef = 842D870929091B3B007D5543 /* AlamofireImage */; };
		842D870C29092417007D5543 /* RickyMortyViewModel.swift in Sources */ = {isa = PBXBuildFile; fileRef = 842D870B29092417007D5543 /* RickyMortyViewModel.swift */; };
		842D870F29096C9B007D5543 /* RickyMortyTableViewCell.swift in Sources */ = {isa = PBXBuildFile; fileRef = 842D870E29096C9B007D5543 /* RickyMortyTableViewCell.swift */; };
		847EEBAC29085F4800978964 /* AppDelegate.swift in Sources */ = {isa = PBXBuildFile; fileRef = 847EEBAB29085F4800978964 /* AppDelegate.swift */; };
		847EEBAE29085F4800978964 /* SceneDelegate.swift in Sources */ = {isa = PBXBuildFile; fileRef = 847EEBAD29085F4800978964 /* SceneDelegate.swift */; };
		847EEBB029085F4800978964 /* ViewController.swift in Sources */ = {isa = PBXBuildFile; fileRef = 847EEBAF29085F4800978964 /* ViewController.swift */; };
		847EEBB329085F4800978964 /* Main.storyboard in Resources */ = {isa = PBXBuildFile; fileRef = 847EEBB129085F4800978964 /* Main.storyboard */; };
		847EEBB529085F4A00978964 /* Assets.xcassets in Resources */ = {isa = PBXBuildFile; fileRef = 847EEBB429085F4A00978964 /* Assets.xcassets */; };
		847EEBB829085F4A00978964 /* LaunchScreen.storyboard in Resources */ = {isa = PBXBuildFile; fileRef = 847EEBB629085F4A00978964 /* LaunchScreen.storyboard */; };
		847EEBC7290860D600978964 /* RickyMortyViewController.swift in Sources */ = {isa = PBXBuildFile; fileRef = 847EEBC6290860D600978964 /* RickyMortyViewController.swift */; };
		847EEBCA290861DC00978964 /* SnapKit in Frameworks */ = {isa = PBXBuildFile; productRef = 847EEBC9290861DC00978964 /* SnapKit */; };
/* End PBXBuildFile section */

/* Begin PBXFileReference section */
		842D87012909126F007D5543 /* RickyMortyModel.swift */ = {isa = PBXFileReference; lastKnownFileType = sourcecode.swift; path = RickyMortyModel.swift; sourceTree = "<group>"; };
		842D870329091788007D5543 /* RickyMortyService.swift */ = {isa = PBXFileReference; lastKnownFileType = sourcecode.swift; path = RickyMortyService.swift; sourceTree = "<group>"; };
		842D870B29092417007D5543 /* RickyMortyViewModel.swift */ = {isa = PBXFileReference; lastKnownFileType = sourcecode.swift; path = RickyMortyViewModel.swift; sourceTree = "<group>"; };
		842D870E29096C9B007D5543 /* RickyMortyTableViewCell.swift */ = {isa = PBXFileReference; lastKnownFileType = sourcecode.swift; path = RickyMortyTableViewCell.swift; sourceTree = "<group>"; };
		847EEBA829085F4800978964 /* MVVMProject.app */ = {isa = PBXFileReference; explicitFileType = wrapper.application; includeInIndex = 0; path = MVVMProject.app; sourceTree = BUILT_PRODUCTS_DIR; };
		847EEBAB29085F4800978964 /* AppDelegate.swift */ = {isa = PBXFileReference; lastKnownFileType = sourcecode.swift; path = AppDelegate.swift; sourceTree = "<group>"; };
		847EEBAD29085F4800978964 /* SceneDelegate.swift */ = {isa = PBXFileReference; lastKnownFileType = sourcecode.swift; path = SceneDelegate.swift; sourceTree = "<group>"; };
		847EEBAF29085F4800978964 /* ViewController.swift */ = {isa = PBXFileReference; lastKnownFileType = sourcecode.swift; path = ViewController.swift; sourceTree = "<group>"; };
		847EEBB229085F4800978964 /* Base */ = {isa = PBXFileReference; lastKnownFileType = file.storyboard; name = Base; path = Base.lproj/Main.storyboard; sourceTree = "<group>"; };
		847EEBB429085F4A00978964 /* Assets.xcassets */ = {isa = PBXFileReference; lastKnownFileType = folder.assetcatalog; path = Assets.xcassets; sourceTree = "<group>"; };
		847EEBB729085F4A00978964 /* Base */ = {isa = PBXFileReference; lastKnownFileType = file.storyboard; name = Base; path = Base.lproj/LaunchScreen.storyboard; sourceTree = "<group>"; };
		847EEBB929085F4A00978964 /* Info.plist */ = {isa = PBXFileReference; lastKnownFileType = text.plist.xml; path = Info.plist; sourceTree = "<group>"; };
		847EEBC6290860D600978964 /* RickyMortyViewController.swift */ = {isa = PBXFileReference; lastKnownFileType = sourcecode.swift; path = RickyMortyViewController.swift; sourceTree = "<group>"; };
/* End PBXFileReference section */

/* Begin PBXFrameworksBuildPhase section */
		847EEBA529085F4800978964 /* Frameworks */ = {
			isa = PBXFrameworksBuildPhase;
			buildActionMask = 2147483647;
			files = (
				847EEBCA290861DC00978964 /* SnapKit in Frameworks */,
				842D870729091AFB007D5543 /* Alamofire in Frameworks */,
				842D870A29091B3B007D5543 /* AlamofireImage in Frameworks */,
			);
			runOnlyForDeploymentPostprocessing = 0;
		};
/* End PBXFrameworksBuildPhase section */

/* Begin PBXGroup section */
		842D870D29096C54007D5543 /* TableViewCell */ = {
			isa = PBXGroup;
			children = (
				842D870E29096C9B007D5543 /* RickyMortyTableViewCell.swift */,
				847EEBC6290860D600978964 /* RickyMortyViewController.swift */,
			);
			path = TableViewCell;
			sourceTree = "<group>";
		};
		847EEB9F29085F4800978964 = {
			isa = PBXGroup;
			children = (
				847EEBAA29085F4800978964 /* MVVMProject */,
				847EEBA929085F4800978964 /* Products */,
			);
			sourceTree = "<group>";
		};
		847EEBA929085F4800978964 /* Products */ = {
			isa = PBXGroup;
			children = (
				847EEBA829085F4800978964 /* MVVMProject.app */,
			);
			name = Products;
			sourceTree = "<group>";
		};
		847EEBAA29085F4800978964 /* MVVMProject */ = {
			isa = PBXGroup;
			children = (
				847EEBC029085FF100978964 /* Features */,
				847EEBBF29085FCB00978964 /* Core */,
				847EEBB629085F4A00978964 /* LaunchScreen.storyboard */,
				847EEBB929085F4A00978964 /* Info.plist */,
			);
			path = MVVMProject;
			sourceTree = "<group>";
		};
		847EEBBF29085FCB00978964 /* Core */ = {
			isa = PBXGroup;
			children = (
				847EEBB129085F4800978964 /* Main.storyboard */,
				847EEBAF29085F4800978964 /* ViewController.swift */,
				847EEBB429085F4A00978964 /* Assets.xcassets */,
				847EEBAD29085F4800978964 /* SceneDelegate.swift */,
				847EEBAB29085F4800978964 /* AppDelegate.swift */,
			);
			path = Core;
			sourceTree = "<group>";
		};
		847EEBC029085FF100978964 /* Features */ = {
			isa = PBXGroup;
			children = (
				847EEBC12908602D00978964 /* RickyMorty */,
			);
			path = Features;
			sourceTree = "<group>";
		};
		847EEBC12908602D00978964 /* RickyMorty */ = {
			isa = PBXGroup;
			children = (
				847EEBC52908608600978964 /* Service */,
				847EEBC42908607E00978964 /* Model */,
				847EEBC32908606F00978964 /* ViewModel */,
				847EEBC22908606800978964 /* View */,
			);
			path = RickyMorty;
			sourceTree = "<group>";
		};
		847EEBC22908606800978964 /* View */ = {
			isa = PBXGroup;
			children = (
				842D870D29096C54007D5543 /* TableViewCell */,
			);
			path = View;
			sourceTree = "<group>";
		};
		847EEBC32908606F00978964 /* ViewModel */ = {
			isa = PBXGroup;
			children = (
				842D870B29092417007D5543 /* RickyMortyViewModel.swift */,
			);
			path = ViewModel;
			sourceTree = "<group>";
		};
		847EEBC42908607E00978964 /* Model */ = {
			isa = PBXGroup;
			children = (
				842D87012909126F007D5543 /* RickyMortyModel.swift */,
			);
			path = Model;
			sourceTree = "<group>";
		};
		847EEBC52908608600978964 /* Service */ = {
			isa = PBXGroup;
			children = (
				842D870329091788007D5543 /* RickyMortyService.swift */,
			);
			path = Service;
			sourceTree = "<group>";
		};
/* End PBXGroup section */

/* Begin PBXNativeTarget section */
		847EEBA729085F4800978964 /* MVVMProject */ = {
			isa = PBXNativeTarget;
			buildConfigurationList = 847EEBBC29085F4A00978964 /* Build configuration list for PBXNativeTarget "MVVMProject" */;
			buildPhases = (
				847EEBA429085F4800978964 /* Sources */,
				847EEBA529085F4800978964 /* Frameworks */,
				847EEBA629085F4800978964 /* Resources */,
			);
			buildRules = (
			);
			dependencies = (
			);
			name = MVVMProject;
			packageProductDependencies = (
				847EEBC9290861DC00978964 /* SnapKit */,
				842D870629091AFB007D5543 /* Alamofire */,
				842D870929091B3B007D5543 /* AlamofireImage */,
			);
			productName = MVVMProject;
			productReference = 847EEBA829085F4800978964 /* MVVMProject.app */;
			productType = "com.apple.product-type.application";
		};
/* End PBXNativeTarget section */

/* Begin PBXProject section */
		847EEBA029085F4800978964 /* Project object */ = {
			isa = PBXProject;
			attributes = {
				BuildIndependentTargetsInParallel = 1;
				LastSwiftUpdateCheck = 1340;
				LastUpgradeCheck = 1340;
				TargetAttributes = {
					847EEBA729085F4800978964 = {
						CreatedOnToolsVersion = 13.4.1;
					};
				};
			};
			buildConfigurationList = 847EEBA329085F4800978964 /* Build configuration list for PBXProject "MVVMProject" */;
			compatibilityVersion = "Xcode 13.0";
			developmentRegion = en;
			hasScannedForEncodings = 0;
			knownRegions = (
				en,
				Base,
			);
			mainGroup = 847EEB9F29085F4800978964;
			packageReferences = (
				847EEBC8290861DC00978964 /* XCRemoteSwiftPackageReference "SnapKit" */,
				842D870529091AFB007D5543 /* XCRemoteSwiftPackageReference "Alamofire" */,
				842D870829091B3B007D5543 /* XCRemoteSwiftPackageReference "AlamofireImage" */,
			);
			productRefGroup = 847EEBA929085F4800978964 /* Products */;
			projectDirPath = "";
			projectRoot = "";
			targets = (
				847EEBA729085F4800978964 /* MVVMProject */,
			);
		};
/* End PBXProject section */

/* Begin PBXResourcesBuildPhase section */
		847EEBA629085F4800978964 /* Resources */ = {
			isa = PBXResourcesBuildPhase;
			buildActionMask = 2147483647;
			files = (
				847EEBB829085F4A00978964 /* LaunchScreen.storyboard in Resources */,
				847EEBB529085F4A00978964 /* Assets.xcassets in Resources */,
				847EEBB329085F4800978964 /* Main.storyboard in Resources */,
			);
			runOnlyForDeploymentPostprocessing = 0;
		};
/* End PBXResourcesBuildPhase section */

/* Begin PBXSourcesBuildPhase section */
		847EEBA429085F4800978964 /* Sources */ = {
			isa = PBXSourcesBuildPhase;
			buildActionMask = 2147483647;
			files = (
				842D870F29096C9B007D5543 /* RickyMortyTableViewCell.swift in Sources */,
				842D870C29092417007D5543 /* RickyMortyViewModel.swift in Sources */,
				842D87022909126F007D5543 /* RickyMortyModel.swift in Sources */,
				847EEBB029085F4800978964 /* ViewController.swift in Sources */,
				842D870429091788007D5543 /* RickyMortyService.swift in Sources */,
				847EEBC7290860D600978964 /* RickyMortyViewController.swift in Sources */,
				847EEBAC29085F4800978964 /* AppDelegate.swift in Sources */,
				847EEBAE29085F4800978964 /* SceneDelegate.swift in Sources */,
			);
			runOnlyForDeploymentPostprocessing = 0;
		};
/* End PBXSourcesBuildPhase section */

/* Begin PBXVariantGroup section */
		847EEBB129085F4800978964 /* Main.storyboard */ = {
			isa = PBXVariantGroup;
			children = (
				847EEBB229085F4800978964 /* Base */,
			);
			name = Main.storyboard;
			sourceTree = "<group>";
		};
		847EEBB629085F4A00978964 /* LaunchScreen.storyboard */ = {
			isa = PBXVariantGroup;
			children = (
				847EEBB729085F4A00978964 /* Base */,
			);
			name = LaunchScreen.storyboard;
			sourceTree = "<group>";
		};
/* End PBXVariantGroup section */

/* Begin XCBuildConfiguration section */
		847EEBBA29085F4A00978964 /* Debug */ = {
			isa = XCBuildConfiguration;
			buildSettings = {
				ALWAYS_SEARCH_USER_PATHS = NO;
				CLANG_ANALYZER_NONNULL = YES;
				CLANG_ANALYZER_NUMBER_OBJECT_CONVERSION = YES_AGGRESSIVE;
				CLANG_CXX_LANGUAGE_STANDARD = "gnu++17";
				CLANG_ENABLE_MODULES = YES;
				CLANG_ENABLE_OBJC_ARC = YES;
				CLANG_ENABLE_OBJC_WEAK = YES;
				CLANG_WARN_BLOCK_CAPTURE_AUTORELEASING = YES;
				CLANG_WARN_BOOL_CONVERSION = YES;
				CLANG_WARN_COMMA = YES;
				CLANG_WARN_CONSTANT_CONVERSION = YES;
				CLANG_WARN_DEPRECATED_OBJC_IMPLEMENTATIONS = YES;
				CLANG_WARN_DIRECT_OBJC_ISA_USAGE = YES_ERROR;
				CLANG_WARN_DOCUMENTATION_COMMENTS = YES;
				CLANG_WARN_EMPTY_BODY = YES;
				CLANG_WARN_ENUM_CONVERSION = YES;
				CLANG_WARN_INFINITE_RECURSION = YES;
				CLANG_WARN_INT_CONVERSION = YES;
				CLANG_WARN_NON_LITERAL_NULL_CONVERSION = YES;
				CLANG_WARN_OBJC_IMPLICIT_RETAIN_SELF = YES;
				CLANG_WARN_OBJC_LITERAL_CONVERSION = YES;
				CLANG_WARN_OBJC_ROOT_CLASS = YES_ERROR;
				CLANG_WARN_QUOTED_INCLUDE_IN_FRAMEWORK_HEADER = YES;
				CLANG_WARN_RANGE_LOOP_ANALYSIS = YES;
				CLANG_WARN_STRICT_PROTOTYPES = YES;
				CLANG_WARN_SUSPICIOUS_MOVE = YES;
				CLANG_WARN_UNGUARDED_AVAILABILITY = YES_AGGRESSIVE;
				CLANG_WARN_UNREACHABLE_CODE = YES;
				CLANG_WARN__DUPLICATE_METHOD_MATCH = YES;
				COPY_PHASE_STRIP = NO;
				DEBUG_INFORMATION_FORMAT = dwarf;
				ENABLE_STRICT_OBJC_MSGSEND = YES;
				ENABLE_TESTABILITY = YES;
				GCC_C_LANGUAGE_STANDARD = gnu11;
				GCC_DYNAMIC_NO_PIC = NO;
				GCC_NO_COMMON_BLOCKS = YES;
				GCC_OPTIMIZATION_LEVEL = 0;
				GCC_PREPROCESSOR_DEFINITIONS = (
					"DEBUG=1",
					"$(inherited)",
				);
				GCC_WARN_64_TO_32_BIT_CONVERSION = YES;
				GCC_WARN_ABOUT_RETURN_TYPE = YES_ERROR;
				GCC_WARN_UNDECLARED_SELECTOR = YES;
				GCC_WARN_UNINITIALIZED_AUTOS = YES_AGGRESSIVE;
				GCC_WARN_UNUSED_FUNCTION = YES;
				GCC_WARN_UNUSED_VARIABLE = YES;
				IPHONEOS_DEPLOYMENT_TARGET = 15.5;
				MTL_ENABLE_DEBUG_INFO = INCLUDE_SOURCE;
				MTL_FAST_MATH = YES;
				ONLY_ACTIVE_ARCH = YES;
				SDKROOT = iphoneos;
				SWIFT_ACTIVE_COMPILATION_CONDITIONS = DEBUG;
				SWIFT_OPTIMIZATION_LEVEL = "-Onone";
			};
			name = Debug;
		};
		847EEBBB29085F4A00978964 /* Release */ = {
			isa = XCBuildConfiguration;
			buildSettings = {
				ALWAYS_SEARCH_USER_PATHS = NO;
				CLANG_ANALYZER_NONNULL = YES;
				CLANG_ANALYZER_NUMBER_OBJECT_CONVERSION = YES_AGGRESSIVE;
				CLANG_CXX_LANGUAGE_STANDARD = "gnu++17";
				CLANG_ENABLE_MODULES = YES;
				CLANG_ENABLE_OBJC_ARC = YES;
				CLANG_ENABLE_OBJC_WEAK = YES;
				CLANG_WARN_BLOCK_CAPTURE_AUTORELEASING = YES;
				CLANG_WARN_BOOL_CONVERSION = YES;
				CLANG_WARN_COMMA = YES;
				CLANG_WARN_CONSTANT_CONVERSION = YES;
				CLANG_WARN_DEPRECATED_OBJC_IMPLEMENTATIONS = YES;
				CLANG_WARN_DIRECT_OBJC_ISA_USAGE = YES_ERROR;
				CLANG_WARN_DOCUMENTATION_COMMENTS = YES;
				CLANG_WARN_EMPTY_BODY = YES;
				CLANG_WARN_ENUM_CONVERSION = YES;
				CLANG_WARN_INFINITE_RECURSION = YES;
				CLANG_WARN_INT_CONVERSION = YES;
				CLANG_WARN_NON_LITERAL_NULL_CONVERSION = YES;
				CLANG_WARN_OBJC_IMPLICIT_RETAIN_SELF = YES;
				CLANG_WARN_OBJC_LITERAL_CONVERSION = YES;
				CLANG_WARN_OBJC_ROOT_CLASS = YES_ERROR;
				CLANG_WARN_QUOTED_INCLUDE_IN_FRAMEWORK_HEADER = YES;
				CLANG_WARN_RANGE_LOOP_ANALYSIS = YES;
				CLANG_WARN_STRICT_PROTOTYPES = YES;
				CLANG_WARN_SUSPICIOUS_MOVE = YES;
				CLANG_WARN_UNGUARDED_AVAILABILITY = YES_AGGRESSIVE;
				CLANG_WARN_UNREACHABLE_CODE = YES;
				CLANG_WARN__DUPLICATE_METHOD_MATCH = YES;
				COPY_PHASE_STRIP = NO;
				DEBUG_INFORMATION_FORMAT = "dwarf-with-dsym";
				ENABLE_NS_ASSERTIONS = NO;
				ENABLE_STRICT_OBJC_MSGSEND = YES;
				GCC_C_LANGUAGE_STANDARD = gnu11;
				GCC_NO_COMMON_BLOCKS = YES;
				GCC_WARN_64_TO_32_BIT_CONVERSION = YES;
				GCC_WARN_ABOUT_RETURN_TYPE = YES_ERROR;
				GCC_WARN_UNDECLARED_SELECTOR = YES;
				GCC_WARN_UNINITIALIZED_AUTOS = YES_AGGRESSIVE;
				GCC_WARN_UNUSED_FUNCTION = YES;
				GCC_WARN_UNUSED_VARIABLE = YES;
				IPHONEOS_DEPLOYMENT_TARGET = 15.5;
				MTL_ENABLE_DEBUG_INFO = NO;
				MTL_FAST_MATH = YES;
				SDKROOT = iphoneos;
				SWIFT_COMPILATION_MODE = wholemodule;
				SWIFT_OPTIMIZATION_LEVEL = "-O";
				VALIDATE_PRODUCT = YES;
			};
			name = Release;
		};
		847EEBBD29085F4A00978964 /* Debug */ = {
			isa = XCBuildConfiguration;
			buildSettings = {
				ASSETCATALOG_COMPILER_APPICON_NAME = AppIcon;
				ASSETCATALOG_COMPILER_GLOBAL_ACCENT_COLOR_NAME = AccentColor;
				CODE_SIGN_STYLE = Automatic;
				CURRENT_PROJECT_VERSION = 1;
				DEVELOPMENT_TEAM = CFVH3G334D;
				GENERATE_INFOPLIST_FILE = YES;
				INFOPLIST_FILE = MVVMProject/Info.plist;
				INFOPLIST_KEY_UIApplicationSupportsIndirectInputEvents = YES;
				INFOPLIST_KEY_UILaunchStoryboardName = LaunchScreen;
				INFOPLIST_KEY_UIMainStoryboardFile = Main;
				INFOPLIST_KEY_UISupportedInterfaceOrientations_iPad = "UIInterfaceOrientationPortrait UIInterfaceOrientationPortraitUpsideDown UIInterfaceOrientationLandscapeLeft UIInterfaceOrientationLandscapeRight";
				INFOPLIST_KEY_UISupportedInterfaceOrientations_iPhone = "UIInterfaceOrientationPortrait UIInterfaceOrientationLandscapeLeft UIInterfaceOrientationLandscapeRight";
				LD_RUNPATH_SEARCH_PATHS = (
					"$(inherited)",
					"@executable_path/Frameworks",
				);
				MARKETING_VERSION = 1.0;
				PRODUCT_BUNDLE_IDENTIFIER = com.sumeyyekilicoglu.MVVMProject;
				PRODUCT_NAME = "$(TARGET_NAME)";
				SWIFT_EMIT_LOC_STRINGS = YES;
				SWIFT_VERSION = 5.0;
				TARGETED_DEVICE_FAMILY = "1,2";
			};
			name = Debug;
		};
		847EEBBE29085F4A00978964 /* Release */ = {
			isa = XCBuildConfiguration;
			buildSettings = {
				ASSETCATALOG_COMPILER_APPICON_NAME = AppIcon;
				ASSETCATALOG_COMPILER_GLOBAL_ACCENT_COLOR_NAME = AccentColor;
				CODE_SIGN_STYLE = Automatic;
				CURRENT_PROJECT_VERSION = 1;
				DEVELOPMENT_TEAM = CFVH3G334D;
				GENERATE_INFOPLIST_FILE = YES;
				INFOPLIST_FILE = MVVMProject/Info.plist;
				INFOPLIST_KEY_UIApplicationSupportsIndirectInputEvents = YES;
				INFOPLIST_KEY_UILaunchStoryboardName = LaunchScreen;
				INFOPLIST_KEY_UIMainStoryboardFile = Main;
				INFOPLIST_KEY_UISupportedInterfaceOrientations_iPad = "UIInterfaceOrientationPortrait UIInterfaceOrientationPortraitUpsideDown UIInterfaceOrientationLandscapeLeft UIInterfaceOrientationLandscapeRight";
				INFOPLIST_KEY_UISupportedInterfaceOrientations_iPhone = "UIInterfaceOrientationPortrait UIInterfaceOrientationLandscapeLeft UIInterfaceOrientationLandscapeRight";
				LD_RUNPATH_SEARCH_PATHS = (
					"$(inherited)",
					"@executable_path/Frameworks",
				);
				MARKETING_VERSION = 1.0;
				PRODUCT_BUNDLE_IDENTIFIER = com.sumeyyekilicoglu.MVVMProject;
				PRODUCT_NAME = "$(TARGET_NAME)";
				SWIFT_EMIT_LOC_STRINGS = YES;
				SWIFT_VERSION = 5.0;
				TARGETED_DEVICE_FAMILY = "1,2";
			};
			name = Release;
		};
/* End XCBuildConfiguration section */

/* Begin XCConfigurationList section */
		847EEBA329085F4800978964 /* Build configuration list for PBXProject "MVVMProject" */ = {
			isa = XCConfigurationList;
			buildConfigurations = (
				847EEBBA29085F4A00978964 /* Debug */,
				847EEBBB29085F4A00978964 /* Release */,
			);
			defaultConfigurationIsVisible = 0;
			defaultConfigurationName = Release;
		};
		847EEBBC29085F4A00978964 /* Build configuration list for PBXNativeTarget "MVVMProject" */ = {
			isa = XCConfigurationList;
			buildConfigurations = (
				847EEBBD29085F4A00978964 /* Debug */,
				847EEBBE29085F4A00978964 /* Release */,
			);
			defaultConfigurationIsVisible = 0;
			defaultConfigurationName = Release;
		};
/* End XCConfigurationList section */

/* Begin XCRemoteSwiftPackageReference section */
		842D870529091AFB007D5543 /* XCRemoteSwiftPackageReference "Alamofire" */ = {
			isa = XCRemoteSwiftPackageReference;
			repositoryURL = "https://github.com/Alamofire/Alamofire.git";
			requirement = {
				branch = master;
				kind = branch;
			};
		};
		842D870829091B3B007D5543 /* XCRemoteSwiftPackageReference "AlamofireImage" */ = {
			isa = XCRemoteSwiftPackageReference;
			repositoryURL = "https://github.com/Alamofire/AlamofireImage.git";
			requirement = {
				kind = upToNextMajorVersion;
				minimumVersion = 4.0.0;
			};
		};
		847EEBC8290861DC00978964 /* XCRemoteSwiftPackageReference "SnapKit" */ = {
			isa = XCRemoteSwiftPackageReference;
			repositoryURL = "https://github.com/SnapKit/SnapKit.git";
			requirement = {
				kind = upToNextMajorVersion;
				minimumVersion = 5.0.0;
			};
		};
/* End XCRemoteSwiftPackageReference section */

/* Begin XCSwiftPackageProductDependency section */
		842D870629091AFB007D5543 /* Alamofire */ = {
			isa = XCSwiftPackageProductDependency;
			package = 842D870529091AFB007D5543 /* XCRemoteSwiftPackageReference "Alamofire" */;
			productName = Alamofire;
		};
		842D870929091B3B007D5543 /* AlamofireImage */ = {
			isa = XCSwiftPackageProductDependency;
			package = 842D870829091B3B007D5543 /* XCRemoteSwiftPackageReference "AlamofireImage" */;
			productName = AlamofireImage;
		};
		847EEBC9290861DC00978964 /* SnapKit */ = {
			isa = XCSwiftPackageProductDependency;
			package = 847EEBC8290861DC00978964 /* XCRemoteSwiftPackageReference "SnapKit" */;
			productName = SnapKit;
		};
/* End XCSwiftPackageProductDependency section */
	};
	rootObject = 847EEBA029085F4800978964 /* Project object */;
}
